// !$*UTF8*$!
{
	archiveVersion = 1;
	classes = {
	};
	objectVersion = 77;
	objects = {

/* Begin PBXContainerItemProxy section */
		5FF521ED2D997B6C00DAEEA6 /* PBXContainerItemProxy */ = {
			isa = PBXContainerItemProxy;
			containerPortal = 5FF521D42D997B6A00DAEEA6 /* Project object */;
			proxyType = 1;
			remoteGlobalIDString = 5FF521DB2D997B6A00DAEEA6;
			remoteInfo = PlenyTask;
		};
		5FF521F72D997B6C00DAEEA6 /* PBXContainerItemProxy */ = {
			isa = PBXContainerItemProxy;
			containerPortal = 5FF521D42D997B6A00DAEEA6 /* Project object */;
			proxyType = 1;
			remoteGlobalIDString = 5FF521DB2D997B6A00DAEEA6;
			remoteInfo = PlenyTask;
		};
/* End PBXContainerItemProxy section */

/* Begin PBXFileReference section */
		5FF521DC2D997B6A00DAEEA6 /* PlenyTask.app */ = {isa = PBXFileReference; explicitFileType = wrapper.application; includeInIndex = 0; path = PlenyTask.app; sourceTree = BUILT_PRODUCTS_DIR; };
		5FF521EC2D997B6C00DAEEA6 /* PlenyTaskTests.xctest */ = {isa = PBXFileReference; explicitFileType = wrapper.cfbundle; includeInIndex = 0; path = PlenyTaskTests.xctest; sourceTree = BUILT_PRODUCTS_DIR; };
		5FF521F62D997B6C00DAEEA6 /* PlenyTaskUITests.xctest */ = {isa = PBXFileReference; explicitFileType = wrapper.cfbundle; includeInIndex = 0; path = PlenyTaskUITests.xctest; sourceTree = BUILT_PRODUCTS_DIR; };
/* End PBXFileReference section */

/* Begin PBXFileSystemSynchronizedRootGroup section */
		5FF521DE2D997B6A00DAEEA6 /* PlenyTask */ = {
			isa = PBXFileSystemSynchronizedRootGroup;
			path = PlenyTask;
			sourceTree = "<group>";
		};
		5FF521EF2D997B6C00DAEEA6 /* PlenyTaskTests */ = {
			isa = PBXFileSystemSynchronizedRootGroup;
			path = PlenyTaskTests;
			sourceTree = "<group>";
		};
		5FF521F92D997B6C00DAEEA6 /* PlenyTaskUITests */ = {
			isa = PBXFileSystemSynchronizedRootGroup;
			path = PlenyTaskUITests;
			sourceTree = "<group>";
		};
/* End PBXFileSystemSynchronizedRootGroup section */

/* Begin PBXFrameworksBuildPhase section */
		5FF521D92D997B6A00DAEEA6 /* Frameworks */ = {
			isa = PBXFrameworksBuildPhase;
			buildActionMask = 2147483647;
			files = (
			);
			runOnlyForDeploymentPostprocessing = 0;
		};
		5FF521E92D997B6C00DAEEA6 /* Frameworks */ = {
			isa = PBXFrameworksBuildPhase;
			buildActionMask = 2147483647;
			files = (
			);
			runOnlyForDeploymentPostprocessing = 0;
		};
		5FF521F32D997B6C00DAEEA6 /* Frameworks */ = {
			isa = PBXFrameworksBuildPhase;
			buildActionMask = 2147483647;
			files = (
			);
			runOnlyForDeploymentPostprocessing = 0;
		};
/* End PBXFrameworksBuildPhase section */

/* Begin PBXGroup section */
		5FF521D32D997B6A00DAEEA6 = {
			isa = PBXGroup;
			children = (
				5FF521DE2D997B6A00DAEEA6 /* PlenyTask */,
				5FF521EF2D997B6C00DAEEA6 /* PlenyTaskTests */,
				5FF521F92D997B6C00DAEEA6 /* PlenyTaskUITests */,
				5FF521DD2D997B6A00DAEEA6 /* Products */,
			);
			sourceTree = "<group>";
		};
		5FF521DD2D997B6A00DAEEA6 /* Products */ = {
			isa = PBXGroup;
			children = (
				5FF521DC2D997B6A00DAEEA6 /* PlenyTask.app */,
				5FF521EC2D997B6C00DAEEA6 /* PlenyTaskTests.xctest */,
				5FF521F62D997B6C00DAEEA6 /* PlenyTaskUITests.xctest */,
			);
			name = Products;
			sourceTree = "<group>";
		};
/* End PBXGroup section */

/* Begin PBXNativeTarget section */
		5FF521DB2D997B6A00DAEEA6 /* PlenyTask */ = {
			isa = PBXNativeTarget;
			buildConfigurationList = 5FF522002D997B6C00DAEEA6 /* Build configuration list for PBXNativeTarget "PlenyTask" */;
			buildPhases = (
				5FF521D82D997B6A00DAEEA6 /* Sources */,
				5FF521D92D997B6A00DAEEA6 /* Frameworks */,
				5FF521DA2D997B6A00DAEEA6 /* Resources */,
			);
			buildRules = (
			);
			dependencies = (
			);
			fileSystemSynchronizedGroups = (
				5FF521DE2D997B6A00DAEEA6 /* PlenyTask */,
			);
			name = PlenyTask;
			packageProductDependencies = (
			);
			productName = PlenyTask;
			productReference = 5FF521DC2D997B6A00DAEEA6 /* PlenyTask.app */;
			productType = "com.apple.product-type.application";
		};
		5FF521EB2D997B6C00DAEEA6 /* PlenyTaskTests */ = {
			isa = PBXNativeTarget;
			buildConfigurationList = 5FF522032D997B6C00DAEEA6 /* Build configuration list for PBXNativeTarget "PlenyTaskTests" */;
			buildPhases = (
				5FF521E82D997B6C00DAEEA6 /* Sources */,
				5FF521E92D997B6C00DAEEA6 /* Frameworks */,
				5FF521EA2D997B6C00DAEEA6 /* Resources */,
			);
			buildRules = (
			);
			dependencies = (
				5FF521EE2D997B6C00DAEEA6 /* PBXTargetDependency */,
			);
			fileSystemSynchronizedGroups = (
				5FF521EF2D997B6C00DAEEA6 /* PlenyTaskTests */,
			);
			name = PlenyTaskTests;
			packageProductDependencies = (
			);
			productName = PlenyTaskTests;
			productReference = 5FF521EC2D997B6C00DAEEA6 /* PlenyTaskTests.xctest */;
			productType = "com.apple.product-type.bundle.unit-test";
		};
		5FF521F52D997B6C00DAEEA6 /* PlenyTaskUITests */ = {
			isa = PBXNativeTarget;
			buildConfigurationList = 5FF522062D997B6C00DAEEA6 /* Build configuration list for PBXNativeTarget "PlenyTaskUITests" */;
			buildPhases = (
				5FF521F22D997B6C00DAEEA6 /* Sources */,
				5FF521F32D997B6C00DAEEA6 /* Frameworks */,
				5FF521F42D997B6C00DAEEA6 /* Resources */,
			);
			buildRules = (
			);
			dependencies = (
				5FF521F82D997B6C00DAEEA6 /* PBXTargetDependency */,
			);
			fileSystemSynchronizedGroups = (
				5FF521F92D997B6C00DAEEA6 /* PlenyTaskUITests */,
			);
			name = PlenyTaskUITests;
			packageProductDependencies = (
			);
			productName = PlenyTaskUITests;
			productReference = 5FF521F62D997B6C00DAEEA6 /* PlenyTaskUITests.xctest */;
			productType = "com.apple.product-type.bundle.ui-testing";
		};
/* End PBXNativeTarget section */

/* Begin PBXProject section */
		5FF521D42D997B6A00DAEEA6 /* Project object */ = {
			isa = PBXProject;
			attributes = {
				BuildIndependentTargetsInParallel = 1;
				LastSwiftUpdateCheck = 1620;
				LastUpgradeCheck = 1620;
				TargetAttributes = {
					5FF521DB2D997B6A00DAEEA6 = {
						CreatedOnToolsVersion = 16.2;
					};
					5FF521EB2D997B6C00DAEEA6 = {
						CreatedOnToolsVersion = 16.2;
						TestTargetID = 5FF521DB2D997B6A00DAEEA6;
					};
					5FF521F52D997B6C00DAEEA6 = {
						CreatedOnToolsVersion = 16.2;
						TestTargetID = 5FF521DB2D997B6A00DAEEA6;
					};
				};
			};
			buildConfigurationList = 5FF521D72D997B6A00DAEEA6 /* Build configuration list for PBXProject "PlenyTask" */;
			developmentRegion = en;
			hasScannedForEncodings = 0;
			knownRegions = (
				en,
				Base,
			);
			mainGroup = 5FF521D32D997B6A00DAEEA6;
			minimizedProjectReferenceProxies = 1;
			preferredProjectObjectVersion = 77;
			productRefGroup = 5FF521DD2D997B6A00DAEEA6 /* Products */;
			projectDirPath = "";
			projectRoot = "";
			targets = (
				5FF521DB2D997B6A00DAEEA6 /* PlenyTask */,
				5FF521EB2D997B6C00DAEEA6 /* PlenyTaskTests */,
				5FF521F52D997B6C00DAEEA6 /* PlenyTaskUITests */,
			);
		};
/* End PBXProject section */

/* Begin PBXResourcesBuildPhase section */
		5FF521DA2D997B6A00DAEEA6 /* Resources */ = {
			isa = PBXResourcesBuildPhase;
			buildActionMask = 2147483647;
			files = (
			);
			runOnlyForDeploymentPostprocessing = 0;
		};
		5FF521EA2D997B6C00DAEEA6 /* Resources */ = {
			isa = PBXResourcesBuildPhase;
			buildActionMask = 2147483647;
			files = (
			);
			runOnlyForDeploymentPostprocessing = 0;
		};
		5FF521F42D997B6C00DAEEA6 /* Resources */ = {
			isa = PBXResourcesBuildPhase;
			buildActionMask = 2147483647;
			files = (
			);
			runOnlyForDeploymentPostprocessing = 0;
		};
/* End PBXResourcesBuildPhase section */

/* Begin PBXSourcesBuildPhase section */
		5FF521D82D997B6A00DAEEA6 /* Sources */ = {
			isa = PBXSourcesBuildPhase;
			buildActionMask = 2147483647;
			files = (
			);
			runOnlyForDeploymentPostprocessing = 0;
		};
		5FF521E82D997B6C00DAEEA6 /* Sources */ = {
			isa = PBXSourcesBuildPhase;
			buildActionMask = 2147483647;
			files = (
			);
			runOnlyForDeploymentPostprocessing = 0;
		};
		5FF521F22D997B6C00DAEEA6 /* Sources */ = {
			isa = PBXSourcesBuildPhase;
			buildActionMask = 2147483647;
			files = (
			);
			runOnlyForDeploymentPostprocessing = 0;
		};
/* End PBXSourcesBuildPhase section */

/* Begin PBXTargetDependency section */
		5FF521EE2D997B6C00DAEEA6 /* PBXTargetDependency */ = {
			isa = PBXTargetDependency;
			target = 5FF521DB2D997B6A00DAEEA6 /* PlenyTask */;
			targetProxy = 5FF521ED2D997B6C00DAEEA6 /* PBXContainerItemProxy */;
		};
		5FF521F82D997B6C00DAEEA6 /* PBXTargetDependency */ = {
			isa = PBXTargetDependency;
			target = 5FF521DB2D997B6A00DAEEA6 /* PlenyTask */;
			targetProxy = 5FF521F72D997B6C00DAEEA6 /* PBXContainerItemProxy */;
		};
/* End PBXTargetDependency section */

/* Begin XCBuildConfiguration section */
		5FF521FE2D997B6C00DAEEA6 /* Debug */ = {
			isa = XCBuildConfiguration;
			buildSettings = {
				ALWAYS_SEARCH_USER_PATHS = NO;
				ASSETCATALOG_COMPILER_GENERATE_SWIFT_ASSET_SYMBOL_EXTENSIONS = YES;
				CLANG_ANALYZER_NONNULL = YES;
				CLANG_ANALYZER_NUMBER_OBJECT_CONVERSION = YES_AGGRESSIVE;
				CLANG_CXX_LANGUAGE_STANDARD = "gnu++20";
				CLANG_ENABLE_MODULES = YES;
				CLANG_ENABLE_OBJC_ARC = YES;
				CLANG_ENABLE_OBJC_WEAK = YES;
				CLANG_WARN_BLOCK_CAPTURE_AUTORELEASING = YES;
				CLANG_WARN_BOOL_CONVERSION = YES;
				CLANG_WARN_COMMA = YES;
				CLANG_WARN_CONSTANT_CONVERSION = YES;
				CLANG_WARN_DEPRECATED_OBJC_IMPLEMENTATIONS = YES;
				CLANG_WARN_DIRECT_OBJC_ISA_USAGE = YES_ERROR;
				CLANG_WARN_DOCUMENTATION_COMMENTS = YES;
				CLANG_WARN_EMPTY_BODY = YES;
				CLANG_WARN_ENUM_CONVERSION = YES;
				CLANG_WARN_INFINITE_RECURSION = YES;
				CLANG_WARN_INT_CONVERSION = YES;
				CLANG_WARN_NON_LITERAL_NULL_CONVERSION = YES;
				CLANG_WARN_OBJC_IMPLICIT_RETAIN_SELF = YES;
				CLANG_WARN_OBJC_LITERAL_CONVERSION = YES;
				CLANG_WARN_OBJC_ROOT_CLASS = YES_ERROR;
				CLANG_WARN_QUOTED_INCLUDE_IN_FRAMEWORK_HEADER = YES;
				CLANG_WARN_RANGE_LOOP_ANALYSIS = YES;
				CLANG_WARN_STRICT_PROTOTYPES = YES;
				CLANG_WARN_SUSPICIOUS_MOVE = YES;
				CLANG_WARN_UNGUARDED_AVAILABILITY = YES_AGGRESSIVE;
				CLANG_WARN_UNREACHABLE_CODE = YES;
				CLANG_WARN__DUPLICATE_METHOD_MATCH = YES;
				COPY_PHASE_STRIP = NO;
				DEBUG_INFORMATION_FORMAT = dwarf;
				ENABLE_STRICT_OBJC_MSGSEND = YES;
				ENABLE_TESTABILITY = YES;
				ENABLE_USER_SCRIPT_SANDBOXING = YES;
				GCC_C_LANGUAGE_STANDARD = gnu17;
				GCC_DYNAMIC_NO_PIC = NO;
				GCC_NO_COMMON_BLOCKS = YES;
				GCC_OPTIMIZATION_LEVEL = 0;
				GCC_PREPROCESSOR_DEFINITIONS = (
					"DEBUG=1",
					"$(inherited)",
				);
				GCC_WARN_64_TO_32_BIT_CONVERSION = YES;
				GCC_WARN_ABOUT_RETURN_TYPE = YES_ERROR;
				GCC_WARN_UNDECLARED_SELECTOR = YES;
				GCC_WARN_UNINITIALIZED_AUTOS = YES_AGGRESSIVE;
				GCC_WARN_UNUSED_FUNCTION = YES;
				GCC_WARN_UNUSED_VARIABLE = YES;
				IPHONEOS_DEPLOYMENT_TARGET = 18.2;
				LOCALIZATION_PREFERS_STRING_CATALOGS = YES;
				MTL_ENABLE_DEBUG_INFO = INCLUDE_SOURCE;
				MTL_FAST_MATH = YES;
				ONLY_ACTIVE_ARCH = YES;
				SDKROOT = iphoneos;
				SWIFT_ACTIVE_COMPILATION_CONDITIONS = "DEBUG $(inherited)";
				SWIFT_OPTIMIZATION_LEVEL = "-Onone";
			};
			name = Debug;
		};
		5FF521FF2D997B6C00DAEEA6 /* Release */ = {
			isa = XCBuildConfiguration;
			buildSettings = {
				ALWAYS_SEARCH_USER_PATHS = NO;
				ASSETCATALOG_COMPILER_GENERATE_SWIFT_ASSET_SYMBOL_EXTENSIONS = YES;
				CLANG_ANALYZER_NONNULL = YES;
				CLANG_ANALYZER_NUMBER_OBJECT_CONVERSION = YES_AGGRESSIVE;
				CLANG_CXX_LANGUAGE_STANDARD = "gnu++20";
				CLANG_ENABLE_MODULES = YES;
				CLANG_ENABLE_OBJC_ARC = YES;
				CLANG_ENABLE_OBJC_WEAK = YES;
				CLANG_WARN_BLOCK_CAPTURE_AUTORELEASING = YES;
				CLANG_WARN_BOOL_CONVERSION = YES;
				CLANG_WARN_COMMA = YES;
				CLANG_WARN_CONSTANT_CONVERSION = YES;
				CLANG_WARN_DEPRECATED_OBJC_IMPLEMENTATIONS = YES;
				CLANG_WARN_DIRECT_OBJC_ISA_USAGE = YES_ERROR;
				CLANG_WARN_DOCUMENTATION_COMMENTS = YES;
				CLANG_WARN_EMPTY_BODY = YES;
				CLANG_WARN_ENUM_CONVERSION = YES;
				CLANG_WARN_INFINITE_RECURSION = YES;
				CLANG_WARN_INT_CONVERSION = YES;
				CLANG_WARN_NON_LITERAL_NULL_CONVERSION = YES;
				CLANG_WARN_OBJC_IMPLICIT_RETAIN_SELF = YES;
				CLANG_WARN_OBJC_LITERAL_CONVERSION = YES;
				CLANG_WARN_OBJC_ROOT_CLASS = YES_ERROR;
				CLANG_WARN_QUOTED_INCLUDE_IN_FRAMEWORK_HEADER = YES;
				CLANG_WARN_RANGE_LOOP_ANALYSIS = YES;
				CLANG_WARN_STRICT_PROTOTYPES = YES;
				CLANG_WARN_SUSPICIOUS_MOVE = YES;
				CLANG_WARN_UNGUARDED_AVAILABILITY = YES_AGGRESSIVE;
				CLANG_WARN_UNREACHABLE_CODE = YES;
				CLANG_WARN__DUPLICATE_METHOD_MATCH = YES;
				COPY_PHASE_STRIP = NO;
				DEBUG_INFORMATION_FORMAT = "dwarf-with-dsym";
				ENABLE_NS_ASSERTIONS = NO;
				ENABLE_STRICT_OBJC_MSGSEND = YES;
				ENABLE_USER_SCRIPT_SANDBOXING = YES;
				GCC_C_LANGUAGE_STANDARD = gnu17;
				GCC_NO_COMMON_BLOCKS = YES;
				GCC_WARN_64_TO_32_BIT_CONVERSION = YES;
				GCC_WARN_ABOUT_RETURN_TYPE = YES_ERROR;
				GCC_WARN_UNDECLARED_SELECTOR = YES;
				GCC_WARN_UNINITIALIZED_AUTOS = YES_AGGRESSIVE;
				GCC_WARN_UNUSED_FUNCTION = YES;
				GCC_WARN_UNUSED_VARIABLE = YES;
				IPHONEOS_DEPLOYMENT_TARGET = 18.2;
				LOCALIZATION_PREFERS_STRING_CATALOGS = YES;
				MTL_ENABLE_DEBUG_INFO = NO;
				MTL_FAST_MATH = YES;
				SDKROOT = iphoneos;
				SWIFT_COMPILATION_MODE = wholemodule;
				VALIDATE_PRODUCT = YES;
			};
			name = Release;
		};
		5FF522012D997B6C00DAEEA6 /* Debug */ = {
			isa = XCBuildConfiguration;
			buildSettings = {
				ASSETCATALOG_COMPILER_APPICON_NAME = AppIcon;
				ASSETCATALOG_COMPILER_GLOBAL_ACCENT_COLOR_NAME = AccentColor;
				CODE_SIGN_STYLE = Automatic;
				CURRENT_PROJECT_VERSION = 1;
				DEVELOPMENT_ASSET_PATHS = "\"PlenyTask/Preview Content\"";
				ENABLE_PREVIEWS = YES;
				GENERATE_INFOPLIST_FILE = YES;
				INFOPLIST_KEY_UIApplicationSceneManifest_Generation = YES;
				INFOPLIST_KEY_UIApplicationSupportsIndirectInputEvents = YES;
				INFOPLIST_KEY_UILaunchScreen_Generation = YES;
				INFOPLIST_KEY_UISupportedInterfaceOrientations_iPad = "UIInterfaceOrientationPortrait UIInterfaceOrientationPortraitUpsideDown UIInterfaceOrientationLandscapeLeft UIInterfaceOrientationLandscapeRight";
				INFOPLIST_KEY_UISupportedInterfaceOrientations_iPhone = "UIInterfaceOrientationPortrait UIInterfaceOrientationLandscapeLeft UIInterfaceOrientationLandscapeRight";
				LD_RUNPATH_SEARCH_PATHS = (
					"$(inherited)",
					"@executable_path/Frameworks",
				);
				MARKETING_VERSION = 1.0;
				PRODUCT_BUNDLE_IDENTIFIER = pleny.PlenyTask;
				PRODUCT_NAME = "$(TARGET_NAME)";
				SWIFT_EMIT_LOC_STRINGS = YES;
				SWIFT_VERSION = 5.0;
				TARGETED_DEVICE_FAMILY = "1,2";
			};
			name = Debug;
		};
		5FF522022D997B6C00DAEEA6 /* Release */ = {
			isa = XCBuildConfiguration;
			buildSettings = {
				ASSETCATALOG_COMPILER_APPICON_NAME = AppIcon;
				ASSETCATALOG_COMPILER_GLOBAL_ACCENT_COLOR_NAME = AccentColor;
				CODE_SIGN_STYLE = Automatic;
				CURRENT_PROJECT_VERSION = 1;
				DEVELOPMENT_ASSET_PATHS = "\"PlenyTask/Preview Content\"";
				ENABLE_PREVIEWS = YES;
				GENERATE_INFOPLIST_FILE = YES;
				INFOPLIST_KEY_UIApplicationSceneManifest_Generation = YES;
				INFOPLIST_KEY_UIApplicationSupportsIndirectInputEvents = YES;
				INFOPLIST_KEY_UILaunchScreen_Generation = YES;
				INFOPLIST_KEY_UISupportedInterfaceOrientations_iPad = "UIInterfaceOrientationPortrait UIInterfaceOrientationPortraitUpsideDown UIInterfaceOrientationLandscapeLeft UIInterfaceOrientationLandscapeRight";
				INFOPLIST_KEY_UISupportedInterfaceOrientations_iPhone = "UIInterfaceOrientationPortrait UIInterfaceOrientationLandscapeLeft UIInterfaceOrientationLandscapeRight";
				LD_RUNPATH_SEARCH_PATHS = (
					"$(inherited)",
					"@executable_path/Frameworks",
				);
				MARKETING_VERSION = 1.0;
				PRODUCT_BUNDLE_IDENTIFIER = pleny.PlenyTask;
				PRODUCT_NAME = "$(TARGET_NAME)";
				SWIFT_EMIT_LOC_STRINGS = YES;
				SWIFT_VERSION = 5.0;
				TARGETED_DEVICE_FAMILY = "1,2";
			};
			name = Release;
		};
		5FF522042D997B6C00DAEEA6 /* Debug */ = {
			isa = XCBuildConfiguration;
			buildSettings = {
				BUNDLE_LOADER = "$(TEST_HOST)";
				CODE_SIGN_STYLE = Automatic;
				CURRENT_PROJECT_VERSION = 1;
				GENERATE_INFOPLIST_FILE = YES;
				IPHONEOS_DEPLOYMENT_TARGET = 18.2;
				MARKETING_VERSION = 1.0;
				PRODUCT_BUNDLE_IDENTIFIER = pleny.PlenyTaskTests;
				PRODUCT_NAME = "$(TARGET_NAME)";
				SWIFT_EMIT_LOC_STRINGS = NO;
				SWIFT_VERSION = 5.0;
				TARGETED_DEVICE_FAMILY = "1,2";
				TEST_HOST = "$(BUILT_PRODUCTS_DIR)/PlenyTask.app/$(BUNDLE_EXECUTABLE_FOLDER_PATH)/PlenyTask";
			};
			name = Debug;
		};
		5FF522052D997B6C00DAEEA6 /* Release */ = {
			isa = XCBuildConfiguration;
			buildSettings = {
				BUNDLE_LOADER = "$(TEST_HOST)";
				CODE_SIGN_STYLE = Automatic;
				CURRENT_PROJECT_VERSION = 1;
				GENERATE_INFOPLIST_FILE = YES;
				IPHONEOS_DEPLOYMENT_TARGET = 18.2;
				MARKETING_VERSION = 1.0;
				PRODUCT_BUNDLE_IDENTIFIER = pleny.PlenyTaskTests;
				PRODUCT_NAME = "$(TARGET_NAME)";
				SWIFT_EMIT_LOC_STRINGS = NO;
				SWIFT_VERSION = 5.0;
				TARGETED_DEVICE_FAMILY = "1,2";
				TEST_HOST = "$(BUILT_PRODUCTS_DIR)/PlenyTask.app/$(BUNDLE_EXECUTABLE_FOLDER_PATH)/PlenyTask";
			};
			name = Release;
		};
		5FF522072D997B6C00DAEEA6 /* Debug */ = {
			isa = XCBuildConfiguration;
			buildSettings = {
				CODE_SIGN_STYLE = Automatic;
				CURRENT_PROJECT_VERSION = 1;
				GENERATE_INFOPLIST_FILE = YES;
				MARKETING_VERSION = 1.0;
				PRODUCT_BUNDLE_IDENTIFIER = pleny.PlenyTaskUITests;
				PRODUCT_NAME = "$(TARGET_NAME)";
				SWIFT_EMIT_LOC_STRINGS = NO;
				SWIFT_VERSION = 5.0;
				TARGETED_DEVICE_FAMILY = "1,2";
				TEST_TARGET_NAME = PlenyTask;
			};
			name = Debug;
		};
		5FF522082D997B6C00DAEEA6 /* Release */ = {
			isa = XCBuildConfiguration;
			buildSettings = {
				CODE_SIGN_STYLE = Automatic;
				CURRENT_PROJECT_VERSION = 1;
				GENERATE_INFOPLIST_FILE = YES;
				MARKETING_VERSION = 1.0;
				PRODUCT_BUNDLE_IDENTIFIER = pleny.PlenyTaskUITests;
				PRODUCT_NAME = "$(TARGET_NAME)";
				SWIFT_EMIT_LOC_STRINGS = NO;
				SWIFT_VERSION = 5.0;
				TARGETED_DEVICE_FAMILY = "1,2";
				TEST_TARGET_NAME = PlenyTask;
			};
			name = Release;
		};
/* End XCBuildConfiguration section */

/* Begin XCConfigurationList section */
		5FF521D72D997B6A00DAEEA6 /* Build configuration list for PBXProject "PlenyTask" */ = {
			isa = XCConfigurationList;
			buildConfigurations = (
				5FF521FE2D997B6C00DAEEA6 /* Debug */,
				5FF521FF2D997B6C00DAEEA6 /* Release */,
			);
			defaultConfigurationIsVisible = 0;
			defaultConfigurationName = Release;
		};
		5FF522002D997B6C00DAEEA6 /* Build configuration list for PBXNativeTarget "PlenyTask" */ = {
			isa = XCConfigurationList;
			buildConfigurations = (
				5FF522012D997B6C00DAEEA6 /* Debug */,
				5FF522022D997B6C00DAEEA6 /* Release */,
			);
			defaultConfigurationIsVisible = 0;
			defaultConfigurationName = Release;
		};
		5FF522032D997B6C00DAEEA6 /* Build configuration list for PBXNativeTarget "PlenyTaskTests" */ = {
			isa = XCConfigurationList;
			buildConfigurations = (
				5FF522042D997B6C00DAEEA6 /* Debug */,
				5FF522052D997B6C00DAEEA6 /* Release */,
			);
			defaultConfigurationIsVisible = 0;
			defaultConfigurationName = Release;
		};
		5FF522062D997B6C00DAEEA6 /* Build configuration list for PBXNativeTarget "PlenyTaskUITests" */ = {
			isa = XCConfigurationList;
			buildConfigurations = (
				5FF522072D997B6C00DAEEA6 /* Debug */,
				5FF522082D997B6C00DAEEA6 /* Release */,
			);
			defaultConfigurationIsVisible = 0;
			defaultConfigurationName = Release;
		};
/* End XCConfigurationList section */
	};
	rootObject = 5FF521D42D997B6A00DAEEA6 /* Project object */;
}
